
Microsoft Visual Studio Solution File, Format Version 12.00
# Visual Studio Version 17
VisualStudioVersion = 17.11.35219.272
MinimumVisualStudioVersion = 10.0.40219.1
Project("{FAE04EC0-301F-11D3-BF4B-00C04F79EFBC}") = "Mod04Act01", "Mod04Act01.csproj", "{92E71692-2AA9-4A04-A559-D1511E5342AA}"
EndProject
Global
	GlobalSection(SolutionConfigurationPlatforms) = preSolution
		Debug|Any CPU = Debug|Any CPU
		Release|Any CPU = Release|Any CPU
	EndGlobalSection
	GlobalSection(ProjectConfigurationPlatforms) = postSolution
		{92E71692-2AA9-4A04-A559-D1511E5342AA}.Debug|Any CPU.ActiveCfg = Debug|Any CPU
		{92E71692-2AA9-4A04-A559-D1511E5342AA}.Debug|Any CPU.Build.0 = Debug|Any CPU
		{92E71692-2AA9-4A04-A559-D1511E5342AA}.Debug|Any CPU.Deploy.0 = Debug|Any CPU
		{92E71692-2AA9-4A04-A559-D1511E5342AA}.Release|Any CPU.ActiveCfg = Release|Any CPU
		{92E71692-2AA9-4A04-A559-D1511E5342AA}.Release|Any CPU.Build.0 = Release|Any CPU
		{92E71692-2AA9-4A04-A559-D1511E5342AA}.Release|Any CPU.Deploy.0 = Release|Any CPU
	EndGlobalSection
	GlobalSection(SolutionProperties) = preSolution
		HideSolutionNode = FALSE
	EndGlobalSection
	GlobalSection(ExtensibilityGlobals) = postSolution
		SolutionGuid = {88D623F1-8EB3-4E81-8006-1B5015A7F18A}
	EndGlobalSection
EndGlobal
